
Microsoft Visual Studio Solution File, Format Version 12.00
# Visual Studio Version 17
VisualStudioVersion = 17.8.34322.80
MinimumVisualStudioVersion = 10.0.40219.1
Project("{9A19103F-16F7-4668-BE54-9A1E7A4F7556}") = "Base API", "Base API\Base API.csproj", "{E8C76FC4-DB9F-4B3D-B850-3B1E2D3C058C}"
EndProject
Global
	GlobalSection(SolutionConfigurationPlatforms) = preSolution
		Debug|Any CPU = Debug|Any CPU
		Release|Any CPU = Release|Any CPU
	EndGlobalSection
	GlobalSection(ProjectConfigurationPlatforms) = postSolution
		{E8C76FC4-DB9F-4B3D-B850-3B1E2D3C058C}.Debug|Any CPU.ActiveCfg = Debug|Any CPU
		{E8C76FC4-DB9F-4B3D-B850-3B1E2D3C058C}.Debug|Any CPU.Build.0 = Debug|Any CPU
		{E8C76FC4-DB9F-4B3D-B850-3B1E2D3C058C}.Release|Any CPU.ActiveCfg = Release|Any CPU
		{E8C76FC4-DB9F-4B3D-B850-3B1E2D3C058C}.Release|Any CPU.Build.0 = Release|Any CPU
	EndGlobalSection
	GlobalSection(SolutionProperties) = preSolution
		HideSolutionNode = FALSE
	EndGlobalSection
	GlobalSection(ExtensibilityGlobals) = postSolution
		SolutionGuid = {E0CA4B82-7EF5-4864-B33F-64AA8E166CA2}
	EndGlobalSection
EndGlobal
